
Microsoft Visual Studio Solution File, Format Version 12.00
# Visual Studio Version 17
VisualStudioVersion = 17.8.34408.163
MinimumVisualStudioVersion = 10.0.40219.1
Project("{2150E333-8FDC-42A3-9474-1A3956D46DE8}") = "src", "src", "{8232B72A-5ACD-47F6-8EAB-C5842A75CAE2}"
EndProject
Project("{9A19103F-16F7-4668-BE54-9A1E7A4F7556}") = "Metafar.ATM.Challenge.API", "src\API\Metafar.ATM.Challenge.API.csproj", "{FE8E7D9F-518F-437F-A9AB-F214A7BE9B40}"
EndProject
Project("{9A19103F-16F7-4668-BE54-9A1E7A4F7556}") = "Metafar.ATM.Challenge.Application", "src\Application\Metafar.ATM.Challenge.Application.csproj", "{5D5EF071-70B0-46E2-B75A-C8F5863C9212}"
EndProject
Project("{9A19103F-16F7-4668-BE54-9A1E7A4F7556}") = "Metafar.ATM.Challenge.Domain", "src\Domain\Metafar.ATM.Challenge.Domain.csproj", "{C611F732-ADB2-4F2A-970F-1D507D4D8F30}"
EndProject
Project("{9A19103F-16F7-4668-BE54-9A1E7A4F7556}") = "Metafar.ATM.Challenge.Infrastructure", "src\Infrastructure\Metafar.ATM.Challenge.Infrastructure.csproj", "{A3ABD1BF-3BE6-415E-8BC0-0B06D0E53FCE}"
EndProject
Project("{9A19103F-16F7-4668-BE54-9A1E7A4F7556}") = "Metafar.ATM.Challenge.Persistence", "src\Persistence\Metafar.ATM.Challenge.Persistence.csproj", "{31C9A428-FF16-4B06-B355-715EE0518778}"
EndProject
Project("{FAE04EC0-301F-11D3-BF4B-00C04F79EFBC}") = "Metafar.ATM.Challenge.Common", "src\Common\Metafar.ATM.Challenge.Common.csproj", "{1459E4F2-A86C-4AC7-85E5-EB56AB109D73}"
EndProject
Global
	GlobalSection(SolutionConfigurationPlatforms) = preSolution
		Debug|Any CPU = Debug|Any CPU
		Release|Any CPU = Release|Any CPU
	EndGlobalSection
	GlobalSection(ProjectConfigurationPlatforms) = postSolution
		{FE8E7D9F-518F-437F-A9AB-F214A7BE9B40}.Debug|Any CPU.ActiveCfg = Debug|Any CPU
		{FE8E7D9F-518F-437F-A9AB-F214A7BE9B40}.Debug|Any CPU.Build.0 = Debug|Any CPU
		{FE8E7D9F-518F-437F-A9AB-F214A7BE9B40}.Release|Any CPU.ActiveCfg = Release|Any CPU
		{FE8E7D9F-518F-437F-A9AB-F214A7BE9B40}.Release|Any CPU.Build.0 = Release|Any CPU
		{5D5EF071-70B0-46E2-B75A-C8F5863C9212}.Debug|Any CPU.ActiveCfg = Debug|Any CPU
		{5D5EF071-70B0-46E2-B75A-C8F5863C9212}.Debug|Any CPU.Build.0 = Debug|Any CPU
		{5D5EF071-70B0-46E2-B75A-C8F5863C9212}.Release|Any CPU.ActiveCfg = Release|Any CPU
		{5D5EF071-70B0-46E2-B75A-C8F5863C9212}.Release|Any CPU.Build.0 = Release|Any CPU
		{C611F732-ADB2-4F2A-970F-1D507D4D8F30}.Debug|Any CPU.ActiveCfg = Debug|Any CPU
		{C611F732-ADB2-4F2A-970F-1D507D4D8F30}.Debug|Any CPU.Build.0 = Debug|Any CPU
		{C611F732-ADB2-4F2A-970F-1D507D4D8F30}.Release|Any CPU.ActiveCfg = Release|Any CPU
		{C611F732-ADB2-4F2A-970F-1D507D4D8F30}.Release|Any CPU.Build.0 = Release|Any CPU
		{A3ABD1BF-3BE6-415E-8BC0-0B06D0E53FCE}.Debug|Any CPU.ActiveCfg = Debug|Any CPU
		{A3ABD1BF-3BE6-415E-8BC0-0B06D0E53FCE}.Debug|Any CPU.Build.0 = Debug|Any CPU
		{A3ABD1BF-3BE6-415E-8BC0-0B06D0E53FCE}.Release|Any CPU.ActiveCfg = Release|Any CPU
		{A3ABD1BF-3BE6-415E-8BC0-0B06D0E53FCE}.Release|Any CPU.Build.0 = Release|Any CPU
		{31C9A428-FF16-4B06-B355-715EE0518778}.Debug|Any CPU.ActiveCfg = Debug|Any CPU
		{31C9A428-FF16-4B06-B355-715EE0518778}.Debug|Any CPU.Build.0 = Debug|Any CPU
		{31C9A428-FF16-4B06-B355-715EE0518778}.Release|Any CPU.ActiveCfg = Release|Any CPU
		{31C9A428-FF16-4B06-B355-715EE0518778}.Release|Any CPU.Build.0 = Release|Any CPU
		{1459E4F2-A86C-4AC7-85E5-EB56AB109D73}.Debug|Any CPU.ActiveCfg = Debug|Any CPU
		{1459E4F2-A86C-4AC7-85E5-EB56AB109D73}.Debug|Any CPU.Build.0 = Debug|Any CPU
		{1459E4F2-A86C-4AC7-85E5-EB56AB109D73}.Release|Any CPU.ActiveCfg = Release|Any CPU
		{1459E4F2-A86C-4AC7-85E5-EB56AB109D73}.Release|Any CPU.Build.0 = Release|Any CPU
	EndGlobalSection
	GlobalSection(SolutionProperties) = preSolution
		HideSolutionNode = FALSE
	EndGlobalSection
	GlobalSection(NestedProjects) = preSolution
		{FE8E7D9F-518F-437F-A9AB-F214A7BE9B40} = {8232B72A-5ACD-47F6-8EAB-C5842A75CAE2}
		{5D5EF071-70B0-46E2-B75A-C8F5863C9212} = {8232B72A-5ACD-47F6-8EAB-C5842A75CAE2}
		{C611F732-ADB2-4F2A-970F-1D507D4D8F30} = {8232B72A-5ACD-47F6-8EAB-C5842A75CAE2}
		{A3ABD1BF-3BE6-415E-8BC0-0B06D0E53FCE} = {8232B72A-5ACD-47F6-8EAB-C5842A75CAE2}
		{31C9A428-FF16-4B06-B355-715EE0518778} = {8232B72A-5ACD-47F6-8EAB-C5842A75CAE2}
		{1459E4F2-A86C-4AC7-85E5-EB56AB109D73} = {8232B72A-5ACD-47F6-8EAB-C5842A75CAE2}
	EndGlobalSection
	GlobalSection(ExtensibilityGlobals) = postSolution
		SolutionGuid = {F9330E66-4971-47CB-90E9-6601ECE66D88}
	EndGlobalSection
EndGlobal
